
Microsoft Visual Studio Solution File, Format Version 12.00
# Visual Studio 15
VisualStudioVersion = 15.0.27703.2042
MinimumVisualStudioVersion = 10.0.40219.1
Project("{FAE04EC0-301F-11D3-BF4B-00C04F79EFBC}") = "TitanWod.Android", "TitanWod\TitanWod.Android\TitanWod.Android.csproj", "{80F84B1B-4007-4EC8-8C40-2360831C0679}"
EndProject
Project("{FAE04EC0-301F-11D3-BF4B-00C04F79EFBC}") = "TitanWod.iOS", "TitanWod\TitanWod.iOS\TitanWod.iOS.csproj", "{E4B20BE7-09FE-415A-865A-A83CB957CDEB}"
EndProject
Project("{FAE04EC0-301F-11D3-BF4B-00C04F79EFBC}") = "TitanWod.UWP", "TitanWod\TitanWod.UWP\TitanWod.UWP.csproj", "{CF0E75C9-C4BC-4945-8AA3-2B433EDE67F3}"
EndProject
Project("{FAE04EC0-301F-11D3-BF4B-00C04F79EFBC}") = "TitanWod", "TitanWod\TitanWod\TitanWod.csproj", "{FF5F9EB7-8424-4626-8B90-BFCDA49F27B0}"
EndProject
Global
	GlobalSection(SolutionConfigurationPlatforms) = preSolution
		Debug|Any CPU = Debug|Any CPU
		Debug|ARM = Debug|ARM
		Debug|iPhone = Debug|iPhone
		Debug|iPhoneSimulator = Debug|iPhoneSimulator
		Debug|x64 = Debug|x64
		Debug|x86 = Debug|x86
		Release|Any CPU = Release|Any CPU
		Release|ARM = Release|ARM
		Release|iPhone = Release|iPhone
		Release|iPhoneSimulator = Release|iPhoneSimulator
		Release|x64 = Release|x64
		Release|x86 = Release|x86
	EndGlobalSection
	GlobalSection(ProjectConfigurationPlatforms) = postSolution
		{80F84B1B-4007-4EC8-8C40-2360831C0679}.Debug|Any CPU.ActiveCfg = Debug|Any CPU
		{80F84B1B-4007-4EC8-8C40-2360831C0679}.Debug|Any CPU.Build.0 = Debug|Any CPU
		{80F84B1B-4007-4EC8-8C40-2360831C0679}.Debug|Any CPU.Deploy.0 = Debug|Any CPU
		{80F84B1B-4007-4EC8-8C40-2360831C0679}.Debug|ARM.ActiveCfg = Debug|Any CPU
		{80F84B1B-4007-4EC8-8C40-2360831C0679}.Debug|ARM.Build.0 = Debug|Any CPU
		{80F84B1B-4007-4EC8-8C40-2360831C0679}.Debug|ARM.Deploy.0 = Debug|Any CPU
		{80F84B1B-4007-4EC8-8C40-2360831C0679}.Debug|iPhone.ActiveCfg = Debug|Any CPU
		{80F84B1B-4007-4EC8-8C40-2360831C0679}.Debug|iPhone.Build.0 = Debug|Any CPU
		{80F84B1B-4007-4EC8-8C40-2360831C0679}.Debug|iPhone.Deploy.0 = Debug|Any CPU
		{80F84B1B-4007-4EC8-8C40-2360831C0679}.Debug|iPhoneSimulator.ActiveCfg = Debug|Any CPU
		{80F84B1B-4007-4EC8-8C40-2360831C0679}.Debug|iPhoneSimulator.Build.0 = Debug|Any CPU
		{80F84B1B-4007-4EC8-8C40-2360831C0679}.Debug|iPhoneSimulator.Deploy.0 = Debug|Any CPU
		{80F84B1B-4007-4EC8-8C40-2360831C0679}.Debug|x64.ActiveCfg = Debug|Any CPU
		{80F84B1B-4007-4EC8-8C40-2360831C0679}.Debug|x64.Build.0 = Debug|Any CPU
		{80F84B1B-4007-4EC8-8C40-2360831C0679}.Debug|x64.Deploy.0 = Debug|Any CPU
		{80F84B1B-4007-4EC8-8C40-2360831C0679}.Debug|x86.ActiveCfg = Debug|Any CPU
		{80F84B1B-4007-4EC8-8C40-2360831C0679}.Debug|x86.Build.0 = Debug|Any CPU
		{80F84B1B-4007-4EC8-8C40-2360831C0679}.Debug|x86.Deploy.0 = Debug|Any CPU
		{80F84B1B-4007-4EC8-8C40-2360831C0679}.Release|Any CPU.ActiveCfg = Release|Any CPU
		{80F84B1B-4007-4EC8-8C40-2360831C0679}.Release|Any CPU.Build.0 = Release|Any CPU
		{80F84B1B-4007-4EC8-8C40-2360831C0679}.Release|Any CPU.Deploy.0 = Release|Any CPU
		{80F84B1B-4007-4EC8-8C40-2360831C0679}.Release|ARM.ActiveCfg = Release|Any CPU
		{80F84B1B-4007-4EC8-8C40-2360831C0679}.Release|ARM.Build.0 = Release|Any CPU
		{80F84B1B-4007-4EC8-8C40-2360831C0679}.Release|ARM.Deploy.0 = Release|Any CPU
		{80F84B1B-4007-4EC8-8C40-2360831C0679}.Release|iPhone.ActiveCfg = Release|Any CPU
		{80F84B1B-4007-4EC8-8C40-2360831C0679}.Release|iPhone.Build.0 = Release|Any CPU
		{80F84B1B-4007-4EC8-8C40-2360831C0679}.Release|iPhone.Deploy.0 = Release|Any CPU
		{80F84B1B-4007-4EC8-8C40-2360831C0679}.Release|iPhoneSimulator.ActiveCfg = Release|Any CPU
		{80F84B1B-4007-4EC8-8C40-2360831C0679}.Release|iPhoneSimulator.Build.0 = Release|Any CPU
		{80F84B1B-4007-4EC8-8C40-2360831C0679}.Release|iPhoneSimulator.Deploy.0 = Release|Any CPU
		{80F84B1B-4007-4EC8-8C40-2360831C0679}.Release|x64.ActiveCfg = Release|Any CPU
		{80F84B1B-4007-4EC8-8C40-2360831C0679}.Release|x64.Build.0 = Release|Any CPU
		{80F84B1B-4007-4EC8-8C40-2360831C0679}.Release|x64.Deploy.0 = Release|Any CPU
		{80F84B1B-4007-4EC8-8C40-2360831C0679}.Release|x86.ActiveCfg = Release|Any CPU
		{80F84B1B-4007-4EC8-8C40-2360831C0679}.Release|x86.Build.0 = Release|Any CPU
		{80F84B1B-4007-4EC8-8C40-2360831C0679}.Release|x86.Deploy.0 = Release|Any CPU
		{E4B20BE7-09FE-415A-865A-A83CB957CDEB}.Debug|Any CPU.ActiveCfg = Debug|iPhoneSimulator
		{E4B20BE7-09FE-415A-865A-A83CB957CDEB}.Debug|Any CPU.Build.0 = Debug|iPhoneSimulator
		{E4B20BE7-09FE-415A-865A-A83CB957CDEB}.Debug|Any CPU.Deploy.0 = Debug|iPhoneSimulator
		{E4B20BE7-09FE-415A-865A-A83CB957CDEB}.Debug|ARM.ActiveCfg = Debug|iPhone
		{E4B20BE7-09FE-415A-865A-A83CB957CDEB}.Debug|ARM.Build.0 = Debug|iPhone
		{E4B20BE7-09FE-415A-865A-A83CB957CDEB}.Debug|ARM.Deploy.0 = Debug|iPhone
		{E4B20BE7-09FE-415A-865A-A83CB957CDEB}.Debug|iPhone.ActiveCfg = Debug|iPhone
		{E4B20BE7-09FE-415A-865A-A83CB957CDEB}.Debug|iPhone.Build.0 = Debug|iPhone
		{E4B20BE7-09FE-415A-865A-A83CB957CDEB}.Debug|iPhone.Deploy.0 = Debug|iPhone
		{E4B20BE7-09FE-415A-865A-A83CB957CDEB}.Debug|iPhoneSimulator.ActiveCfg = Debug|iPhoneSimulator
		{E4B20BE7-09FE-415A-865A-A83CB957CDEB}.Debug|iPhoneSimulator.Build.0 = Debug|iPhoneSimulator
		{E4B20BE7-09FE-415A-865A-A83CB957CDEB}.Debug|iPhoneSimulator.Deploy.0 = Debug|iPhoneSimulator
		{E4B20BE7-09FE-415A-865A-A83CB957CDEB}.Debug|x64.ActiveCfg = Debug|iPhone
		{E4B20BE7-09FE-415A-865A-A83CB957CDEB}.Debug|x64.Build.0 = Debug|iPhone
		{E4B20BE7-09FE-415A-865A-A83CB957CDEB}.Debug|x64.Deploy.0 = Debug|iPhone
		{E4B20BE7-09FE-415A-865A-A83CB957CDEB}.Debug|x86.ActiveCfg = Debug|iPhone
		{E4B20BE7-09FE-415A-865A-A83CB957CDEB}.Debug|x86.Build.0 = Debug|iPhone
		{E4B20BE7-09FE-415A-865A-A83CB957CDEB}.Debug|x86.Deploy.0 = Debug|iPhone
		{E4B20BE7-09FE-415A-865A-A83CB957CDEB}.Release|Any CPU.ActiveCfg = Release|iPhone
		{E4B20BE7-09FE-415A-865A-A83CB957CDEB}.Release|Any CPU.Build.0 = Release|iPhone
		{E4B20BE7-09FE-415A-865A-A83CB957CDEB}.Release|Any CPU.Deploy.0 = Release|iPhone
		{E4B20BE7-09FE-415A-865A-A83CB957CDEB}.Release|ARM.ActiveCfg = Release|iPhone
		{E4B20BE7-09FE-415A-865A-A83CB957CDEB}.Release|ARM.Build.0 = Release|iPhone
		{E4B20BE7-09FE-415A-865A-A83CB957CDEB}.Release|ARM.Deploy.0 = Release|iPhone
		{E4B20BE7-09FE-415A-865A-A83CB957CDEB}.Release|iPhone.ActiveCfg = Release|iPhone
		{E4B20BE7-09FE-415A-865A-A83CB957CDEB}.Release|iPhone.Build.0 = Release|iPhone
		{E4B20BE7-09FE-415A-865A-A83CB957CDEB}.Release|iPhone.Deploy.0 = Release|iPhone
		{E4B20BE7-09FE-415A-865A-A83CB957CDEB}.Release|iPhoneSimulator.ActiveCfg = Release|iPhoneSimulator
		{E4B20BE7-09FE-415A-865A-A83CB957CDEB}.Release|iPhoneSimulator.Build.0 = Release|iPhoneSimulator
		{E4B20BE7-09FE-415A-865A-A83CB957CDEB}.Release|iPhoneSimulator.Deploy.0 = Release|iPhoneSimulator
		{E4B20BE7-09FE-415A-865A-A83CB957CDEB}.Release|x64.ActiveCfg = Release|iPhone
		{E4B20BE7-09FE-415A-865A-A83CB957CDEB}.Release|x64.Build.0 = Release|iPhone
		{E4B20BE7-09FE-415A-865A-A83CB957CDEB}.Release|x64.Deploy.0 = Release|iPhone
		{E4B20BE7-09FE-415A-865A-A83CB957CDEB}.Release|x86.ActiveCfg = Release|iPhone
		{E4B20BE7-09FE-415A-865A-A83CB957CDEB}.Release|x86.Build.0 = Release|iPhone
		{E4B20BE7-09FE-415A-865A-A83CB957CDEB}.Release|x86.Deploy.0 = Release|iPhone
		{CF0E75C9-C4BC-4945-8AA3-2B433EDE67F3}.Debug|Any CPU.ActiveCfg = Debug|x86
		{CF0E75C9-C4BC-4945-8AA3-2B433EDE67F3}.Debug|Any CPU.Build.0 = Debug|x86
		{CF0E75C9-C4BC-4945-8AA3-2B433EDE67F3}.Debug|Any CPU.Deploy.0 = Debug|x86
		{CF0E75C9-C4BC-4945-8AA3-2B433EDE67F3}.Debug|ARM.ActiveCfg = Debug|ARM
		{CF0E75C9-C4BC-4945-8AA3-2B433EDE67F3}.Debug|ARM.Build.0 = Debug|ARM
		{CF0E75C9-C4BC-4945-8AA3-2B433EDE67F3}.Debug|ARM.Deploy.0 = Debug|ARM
		{CF0E75C9-C4BC-4945-8AA3-2B433EDE67F3}.Debug|iPhone.ActiveCfg = Debug|x86
		{CF0E75C9-C4BC-4945-8AA3-2B433EDE67F3}.Debug|iPhone.Build.0 = Debug|x86
		{CF0E75C9-C4BC-4945-8AA3-2B433EDE67F3}.Debug|iPhone.Deploy.0 = Debug|x86
		{CF0E75C9-C4BC-4945-8AA3-2B433EDE67F3}.Debug|iPhoneSimulator.ActiveCfg = Debug|x86
		{CF0E75C9-C4BC-4945-8AA3-2B433EDE67F3}.Debug|iPhoneSimulator.Build.0 = Debug|x86
		{CF0E75C9-C4BC-4945-8AA3-2B433EDE67F3}.Debug|iPhoneSimulator.Deploy.0 = Debug|x86
		{CF0E75C9-C4BC-4945-8AA3-2B433EDE67F3}.Debug|x64.ActiveCfg = Debug|x64
		{CF0E75C9-C4BC-4945-8AA3-2B433EDE67F3}.Debug|x64.Build.0 = Debug|x64
		{CF0E75C9-C4BC-4945-8AA3-2B433EDE67F3}.Debug|x64.Deploy.0 = Debug|x64
		{CF0E75C9-C4BC-4945-8AA3-2B433EDE67F3}.Debug|x86.ActiveCfg = Debug|x86
		{CF0E75C9-C4BC-4945-8AA3-2B433EDE67F3}.Debug|x86.Build.0 = Debug|x86
		{CF0E75C9-C4BC-4945-8AA3-2B433EDE67F3}.Debug|x86.Deploy.0 = Debug|x86
		{CF0E75C9-C4BC-4945-8AA3-2B433EDE67F3}.Release|Any CPU.ActiveCfg = Release|x86
		{CF0E75C9-C4BC-4945-8AA3-2B433EDE67F3}.Release|Any CPU.Build.0 = Release|x86
		{CF0E75C9-C4BC-4945-8AA3-2B433EDE67F3}.Release|Any CPU.Deploy.0 = Release|x86
		{CF0E75C9-C4BC-4945-8AA3-2B433EDE67F3}.Release|ARM.ActiveCfg = Release|ARM
		{CF0E75C9-C4BC-4945-8AA3-2B433EDE67F3}.Release|ARM.Build.0 = Release|ARM
		{CF0E75C9-C4BC-4945-8AA3-2B433EDE67F3}.Release|ARM.Deploy.0 = Release|ARM
		{CF0E75C9-C4BC-4945-8AA3-2B433EDE67F3}.Release|iPhone.ActiveCfg = Release|x86
		{CF0E75C9-C4BC-4945-8AA3-2B433EDE67F3}.Release|iPhone.Build.0 = Release|x86
		{CF0E75C9-C4BC-4945-8AA3-2B433EDE67F3}.Release|iPhone.Deploy.0 = Release|x86
		{CF0E75C9-C4BC-4945-8AA3-2B433EDE67F3}.Release|iPhoneSimulator.ActiveCfg = Release|x86
		{CF0E75C9-C4BC-4945-8AA3-2B433EDE67F3}.Release|iPhoneSimulator.Build.0 = Release|x86
		{CF0E75C9-C4BC-4945-8AA3-2B433EDE67F3}.Release|iPhoneSimulator.Deploy.0 = Release|x86
		{CF0E75C9-C4BC-4945-8AA3-2B433EDE67F3}.Release|x64.ActiveCfg = Release|x64
		{CF0E75C9-C4BC-4945-8AA3-2B433EDE67F3}.Release|x64.Build.0 = Release|x64
		{CF0E75C9-C4BC-4945-8AA3-2B433EDE67F3}.Release|x64.Deploy.0 = Release|x64
		{CF0E75C9-C4BC-4945-8AA3-2B433EDE67F3}.Release|x86.ActiveCfg = Release|x86
		{CF0E75C9-C4BC-4945-8AA3-2B433EDE67F3}.Release|x86.Build.0 = Release|x86
		{CF0E75C9-C4BC-4945-8AA3-2B433EDE67F3}.Release|x86.Deploy.0 = Release|x86
		{FF5F9EB7-8424-4626-8B90-BFCDA49F27B0}.Debug|Any CPU.ActiveCfg = Debug|Any CPU
		{FF5F9EB7-8424-4626-8B90-BFCDA49F27B0}.Debug|Any CPU.Build.0 = Debug|Any CPU
		{FF5F9EB7-8424-4626-8B90-BFCDA49F27B0}.Debug|Any CPU.Deploy.0 = Debug|Any CPU
		{FF5F9EB7-8424-4626-8B90-BFCDA49F27B0}.Debug|ARM.ActiveCfg = Debug|Any CPU
		{FF5F9EB7-8424-4626-8B90-BFCDA49F27B0}.Debug|ARM.Build.0 = Debug|Any CPU
		{FF5F9EB7-8424-4626-8B90-BFCDA49F27B0}.Debug|ARM.Deploy.0 = Debug|Any CPU
		{FF5F9EB7-8424-4626-8B90-BFCDA49F27B0}.Debug|iPhone.ActiveCfg = Debug|Any CPU
		{FF5F9EB7-8424-4626-8B90-BFCDA49F27B0}.Debug|iPhone.Build.0 = Debug|Any CPU
		{FF5F9EB7-8424-4626-8B90-BFCDA49F27B0}.Debug|iPhone.Deploy.0 = Debug|Any CPU
		{FF5F9EB7-8424-4626-8B90-BFCDA49F27B0}.Debug|iPhoneSimulator.ActiveCfg = Debug|Any CPU
		{FF5F9EB7-8424-4626-8B90-BFCDA49F27B0}.Debug|iPhoneSimulator.Build.0 = Debug|Any CPU
		{FF5F9EB7-8424-4626-8B90-BFCDA49F27B0}.Debug|iPhoneSimulator.Deploy.0 = Debug|Any CPU
		{FF5F9EB7-8424-4626-8B90-BFCDA49F27B0}.Debug|x64.ActiveCfg = Debug|Any CPU
		{FF5F9EB7-8424-4626-8B90-BFCDA49F27B0}.Debug|x64.Build.0 = Debug|Any CPU
		{FF5F9EB7-8424-4626-8B90-BFCDA49F27B0}.Debug|x64.Deploy.0 = Debug|Any CPU
		{FF5F9EB7-8424-4626-8B90-BFCDA49F27B0}.Debug|x86.ActiveCfg = Debug|Any CPU
		{FF5F9EB7-8424-4626-8B90-BFCDA49F27B0}.Debug|x86.Build.0 = Debug|Any CPU
		{FF5F9EB7-8424-4626-8B90-BFCDA49F27B0}.Debug|x86.Deploy.0 = Debug|Any CPU
		{FF5F9EB7-8424-4626-8B90-BFCDA49F27B0}.Release|Any CPU.ActiveCfg = Release|Any CPU
		{FF5F9EB7-8424-4626-8B90-BFCDA49F27B0}.Release|Any CPU.Build.0 = Release|Any CPU
		{FF5F9EB7-8424-4626-8B90-BFCDA49F27B0}.Release|Any CPU.Deploy.0 = Release|Any CPU
		{FF5F9EB7-8424-4626-8B90-BFCDA49F27B0}.Release|ARM.ActiveCfg = Release|Any CPU
		{FF5F9EB7-8424-4626-8B90-BFCDA49F27B0}.Release|ARM.Build.0 = Release|Any CPU
		{FF5F9EB7-8424-4626-8B90-BFCDA49F27B0}.Release|ARM.Deploy.0 = Release|Any CPU
		{FF5F9EB7-8424-4626-8B90-BFCDA49F27B0}.Release|iPhone.ActiveCfg = Release|Any CPU
		{FF5F9EB7-8424-4626-8B90-BFCDA49F27B0}.Release|iPhone.Build.0 = Release|Any CPU
		{FF5F9EB7-8424-4626-8B90-BFCDA49F27B0}.Release|iPhone.Deploy.0 = Release|Any CPU
		{FF5F9EB7-8424-4626-8B90-BFCDA49F27B0}.Release|iPhoneSimulator.ActiveCfg = Release|Any CPU
		{FF5F9EB7-8424-4626-8B90-BFCDA49F27B0}.Release|iPhoneSimulator.Build.0 = Release|Any CPU
		{FF5F9EB7-8424-4626-8B90-BFCDA49F27B0}.Release|iPhoneSimulator.Deploy.0 = Release|Any CPU
		{FF5F9EB7-8424-4626-8B90-BFCDA49F27B0}.Release|x64.ActiveCfg = Release|Any CPU
		{FF5F9EB7-8424-4626-8B90-BFCDA49F27B0}.Release|x64.Build.0 = Release|Any CPU
		{FF5F9EB7-8424-4626-8B90-BFCDA49F27B0}.Release|x64.Deploy.0 = Release|Any CPU
		{FF5F9EB7-8424-4626-8B90-BFCDA49F27B0}.Release|x86.ActiveCfg = Release|Any CPU
		{FF5F9EB7-8424-4626-8B90-BFCDA49F27B0}.Release|x86.Build.0 = Release|Any CPU
		{FF5F9EB7-8424-4626-8B90-BFCDA49F27B0}.Release|x86.Deploy.0 = Release|Any CPU
	EndGlobalSection
	GlobalSection(SolutionProperties) = preSolution
		HideSolutionNode = FALSE
	EndGlobalSection
	GlobalSection(ExtensibilityGlobals) = postSolution
		SolutionGuid = {D1255CB5-9E5A-4435-A23A-AECE799DE64B}
	EndGlobalSection
EndGlobal
